
Microsoft Visual Studio Solution File, Format Version 12.00
# Visual Studio 14
VisualStudioVersion = 14.0.23107.0
MinimumVisualStudioVersion = 10.0.40219.1
Project("{8BC9CEB8-8B4A-11D0-8D11-00A0C91BC942}") = "Initials", "Pset2.vcxproj", "{D0BF6964-64D2-42A2-8F0B-8539D05190B2}"
EndProject
Project("{8BC9CEB8-8B4A-11D0-8D11-00A0C91BC942}") = "caesar", "ConsoleApplication1\ConsoleApplication1.vcxproj", "{AD67A7BD-1126-4BB4-9781-4476D89CF9EA}"
EndProject
Project("{8BC9CEB8-8B4A-11D0-8D11-00A0C91BC942}") = "Vigenere", "Vigenere\Vigenere.vcxproj", "{746BC71A-D948-42D6-9D73-B4A2FD6648DD}"
EndProject
Global
	GlobalSection(SolutionConfigurationPlatforms) = preSolution
		Debug|x64 = Debug|x64
		Debug|x86 = Debug|x86
		Release|x64 = Release|x64
		Release|x86 = Release|x86
	EndGlobalSection
	GlobalSection(ProjectConfigurationPlatforms) = postSolution
		{D0BF6964-64D2-42A2-8F0B-8539D05190B2}.Debug|x64.ActiveCfg = Debug|x64
		{D0BF6964-64D2-42A2-8F0B-8539D05190B2}.Debug|x64.Build.0 = Debug|x64
		{D0BF6964-64D2-42A2-8F0B-8539D05190B2}.Debug|x86.ActiveCfg = Debug|Win32
		{D0BF6964-64D2-42A2-8F0B-8539D05190B2}.Debug|x86.Build.0 = Debug|Win32
		{D0BF6964-64D2-42A2-8F0B-8539D05190B2}.Release|x64.ActiveCfg = Release|x64
		{D0BF6964-64D2-42A2-8F0B-8539D05190B2}.Release|x64.Build.0 = Release|x64
		{D0BF6964-64D2-42A2-8F0B-8539D05190B2}.Release|x86.ActiveCfg = Release|Win32
		{D0BF6964-64D2-42A2-8F0B-8539D05190B2}.Release|x86.Build.0 = Release|Win32
		{AD67A7BD-1126-4BB4-9781-4476D89CF9EA}.Debug|x64.ActiveCfg = Debug|x64
		{AD67A7BD-1126-4BB4-9781-4476D89CF9EA}.Debug|x64.Build.0 = Debug|x64
		{AD67A7BD-1126-4BB4-9781-4476D89CF9EA}.Debug|x86.ActiveCfg = Debug|Win32
		{AD67A7BD-1126-4BB4-9781-4476D89CF9EA}.Debug|x86.Build.0 = Debug|Win32
		{AD67A7BD-1126-4BB4-9781-4476D89CF9EA}.Release|x64.ActiveCfg = Release|x64
		{AD67A7BD-1126-4BB4-9781-4476D89CF9EA}.Release|x64.Build.0 = Release|x64
		{AD67A7BD-1126-4BB4-9781-4476D89CF9EA}.Release|x86.ActiveCfg = Release|Win32
		{AD67A7BD-1126-4BB4-9781-4476D89CF9EA}.Release|x86.Build.0 = Release|Win32
		{746BC71A-D948-42D6-9D73-B4A2FD6648DD}.Debug|x64.ActiveCfg = Debug|x64
		{746BC71A-D948-42D6-9D73-B4A2FD6648DD}.Debug|x64.Build.0 = Debug|x64
		{746BC71A-D948-42D6-9D73-B4A2FD6648DD}.Debug|x86.ActiveCfg = Debug|Win32
		{746BC71A-D948-42D6-9D73-B4A2FD6648DD}.Debug|x86.Build.0 = Debug|Win32
		{746BC71A-D948-42D6-9D73-B4A2FD6648DD}.Release|x64.ActiveCfg = Release|x64
		{746BC71A-D948-42D6-9D73-B4A2FD6648DD}.Release|x64.Build.0 = Release|x64
		{746BC71A-D948-42D6-9D73-B4A2FD6648DD}.Release|x86.ActiveCfg = Release|Win32
		{746BC71A-D948-42D6-9D73-B4A2FD6648DD}.Release|x86.Build.0 = Release|Win32
	EndGlobalSection
	GlobalSection(SolutionProperties) = preSolution
		HideSolutionNode = FALSE
	EndGlobalSection
EndGlobal
